
Microsoft Visual Studio Solution File, Format Version 12.00
# Visual Studio Version 17
VisualStudioVersion = 17.8.34316.72
MinimumVisualStudioVersion = 10.0.40219.1
Project("{FAE04EC0-301F-11D3-BF4B-00C04F79EFBC}") = "AtividadeMOO.AluguelVeiculos.ConsoleApp", "AtividadeMOO.AluguelVeiculos.ConsoleApp\AtividadeMOO.AluguelVeiculos.ConsoleApp.csproj", "{EC03DF73-9ED7-4BBD-ACCA-B177D6E63DB8}"
EndProject
Global
	GlobalSection(SolutionConfigurationPlatforms) = preSolution
		Debug|Any CPU = Debug|Any CPU
		Release|Any CPU = Release|Any CPU
	EndGlobalSection
	GlobalSection(ProjectConfigurationPlatforms) = postSolution
		{EC03DF73-9ED7-4BBD-ACCA-B177D6E63DB8}.Debug|Any CPU.ActiveCfg = Debug|Any CPU
		{EC03DF73-9ED7-4BBD-ACCA-B177D6E63DB8}.Debug|Any CPU.Build.0 = Debug|Any CPU
		{EC03DF73-9ED7-4BBD-ACCA-B177D6E63DB8}.Release|Any CPU.ActiveCfg = Release|Any CPU
		{EC03DF73-9ED7-4BBD-ACCA-B177D6E63DB8}.Release|Any CPU.Build.0 = Release|Any CPU
	EndGlobalSection
	GlobalSection(SolutionProperties) = preSolution
		HideSolutionNode = FALSE
	EndGlobalSection
	GlobalSection(ExtensibilityGlobals) = postSolution
		SolutionGuid = {836996EE-D358-4437-BFBA-8E6E92CE28F3}
	EndGlobalSection
EndGlobal
